// !$*UTF8*$!
{
	archiveVersion = 1;
	classes = {
	};
	objectVersion = 77;
	objects = {

/* Begin PBXContainerItemProxy section */
		373225142DEA9AA600062813 /* PBXContainerItemProxy */ = {
			isa = PBXContainerItemProxy;
			containerPortal = 373224FA2DEA9AA400062813 /* Project object */;
			proxyType = 1;
			remoteGlobalIDString = 373225012DEA9AA400062813;
			remoteInfo = CursorDisk;
		};
		3732251E2DEA9AA600062813 /* PBXContainerItemProxy */ = {
			isa = PBXContainerItemProxy;
			containerPortal = 373224FA2DEA9AA400062813 /* Project object */;
			proxyType = 1;
			remoteGlobalIDString = 373225012DEA9AA400062813;
			remoteInfo = CursorDisk;
		};
/* End PBXContainerItemProxy section */

/* Begin PBXFileReference section */
		373225022DEA9AA400062813 /* CursorDisk.app */ = {isa = PBXFileReference; explicitFileType = wrapper.application; includeInIndex = 0; path = CursorDisk.app; sourceTree = BUILT_PRODUCTS_DIR; };
		373225132DEA9AA600062813 /* CursorDiskTests.xctest */ = {isa = PBXFileReference; explicitFileType = wrapper.cfbundle; includeInIndex = 0; path = CursorDiskTests.xctest; sourceTree = BUILT_PRODUCTS_DIR; };
		3732251D2DEA9AA600062813 /* CursorDiskUITests.xctest */ = {isa = PBXFileReference; explicitFileType = wrapper.cfbundle; includeInIndex = 0; path = CursorDiskUITests.xctest; sourceTree = BUILT_PRODUCTS_DIR; };
/* End PBXFileReference section */

/* Begin PBXFileSystemSynchronizedRootGroup section */
		373225042DEA9AA400062813 /* CursorDisk */ = {
			isa = PBXFileSystemSynchronizedRootGroup;
			path = CursorDisk;
			sourceTree = "<group>";
		};
		373225162DEA9AA600062813 /* CursorDiskTests */ = {
			isa = PBXFileSystemSynchronizedRootGroup;
			path = CursorDiskTests;
			sourceTree = "<group>";
		};
		373225202DEA9AA600062813 /* CursorDiskUITests */ = {
			isa = PBXFileSystemSynchronizedRootGroup;
			path = CursorDiskUITests;
			sourceTree = "<group>";
		};
/* End PBXFileSystemSynchronizedRootGroup section */

/* Begin PBXFrameworksBuildPhase section */
		373224FF2DEA9AA400062813 /* Frameworks */ = {
			isa = PBXFrameworksBuildPhase;
			buildActionMask = 2147483647;
			files = (
			);
			runOnlyForDeploymentPostprocessing = 0;
		};
		373225102DEA9AA600062813 /* Frameworks */ = {
			isa = PBXFrameworksBuildPhase;
			buildActionMask = 2147483647;
			files = (
			);
			runOnlyForDeploymentPostprocessing = 0;
		};
		3732251A2DEA9AA600062813 /* Frameworks */ = {
			isa = PBXFrameworksBuildPhase;
			buildActionMask = 2147483647;
			files = (
			);
			runOnlyForDeploymentPostprocessing = 0;
		};
/* End PBXFrameworksBuildPhase section */

/* Begin PBXGroup section */
		373224F92DEA9AA400062813 = {
			isa = PBXGroup;
			children = (
				373225042DEA9AA400062813 /* CursorDisk */,
				373225162DEA9AA600062813 /* CursorDiskTests */,
				373225202DEA9AA600062813 /* CursorDiskUITests */,
				373225032DEA9AA400062813 /* Products */,
			);
			sourceTree = "<group>";
		};
		373225032DEA9AA400062813 /* Products */ = {
			isa = PBXGroup;
			children = (
				373225022DEA9AA400062813 /* CursorDisk.app */,
				373225132DEA9AA600062813 /* CursorDiskTests.xctest */,
				3732251D2DEA9AA600062813 /* CursorDiskUITests.xctest */,
			);
			name = Products;
			sourceTree = "<group>";
		};
/* End PBXGroup section */

/* Begin PBXNativeTarget section */
		373225012DEA9AA400062813 /* CursorDisk */ = {
			isa = PBXNativeTarget;
			buildConfigurationList = 373225272DEA9AA600062813 /* Build configuration list for PBXNativeTarget "CursorDisk" */;
			buildPhases = (
				373224FE2DEA9AA400062813 /* Sources */,
				373224FF2DEA9AA400062813 /* Frameworks */,
				373225002DEA9AA400062813 /* Resources */,
			);
			buildRules = (
			);
			dependencies = (
			);
			fileSystemSynchronizedGroups = (
				373225042DEA9AA400062813 /* CursorDisk */,
			);
			name = CursorDisk;
			packageProductDependencies = (
			);
			productName = CursorDisk;
			productReference = 373225022DEA9AA400062813 /* CursorDisk.app */;
			productType = "com.apple.product-type.application";
		};
		373225122DEA9AA600062813 /* CursorDiskTests */ = {
			isa = PBXNativeTarget;
			buildConfigurationList = 3732252A2DEA9AA600062813 /* Build configuration list for PBXNativeTarget "CursorDiskTests" */;
			buildPhases = (
				3732250F2DEA9AA600062813 /* Sources */,
				373225102DEA9AA600062813 /* Frameworks */,
				373225112DEA9AA600062813 /* Resources */,
			);
			buildRules = (
			);
			dependencies = (
				373225152DEA9AA600062813 /* PBXTargetDependency */,
			);
			fileSystemSynchronizedGroups = (
				373225162DEA9AA600062813 /* CursorDiskTests */,
			);
			name = CursorDiskTests;
			packageProductDependencies = (
			);
			productName = CursorDiskTests;
			productReference = 373225132DEA9AA600062813 /* CursorDiskTests.xctest */;
			productType = "com.apple.product-type.bundle.unit-test";
		};
		3732251C2DEA9AA600062813 /* CursorDiskUITests */ = {
			isa = PBXNativeTarget;
			buildConfigurationList = 3732252D2DEA9AA600062813 /* Build configuration list for PBXNativeTarget "CursorDiskUITests" */;
			buildPhases = (
				373225192DEA9AA600062813 /* Sources */,
				3732251A2DEA9AA600062813 /* Frameworks */,
				3732251B2DEA9AA600062813 /* Resources */,
			);
			buildRules = (
			);
			dependencies = (
				3732251F2DEA9AA600062813 /* PBXTargetDependency */,
			);
			fileSystemSynchronizedGroups = (
				373225202DEA9AA600062813 /* CursorDiskUITests */,
			);
			name = CursorDiskUITests;
			packageProductDependencies = (
			);
			productName = CursorDiskUITests;
			productReference = 3732251D2DEA9AA600062813 /* CursorDiskUITests.xctest */;
			productType = "com.apple.product-type.bundle.ui-testing";
		};
/* End PBXNativeTarget section */

/* Begin PBXProject section */
		373224FA2DEA9AA400062813 /* Project object */ = {
			isa = PBXProject;
			attributes = {
				BuildIndependentTargetsInParallel = 1;
				LastSwiftUpdateCheck = 1620;
				LastUpgradeCheck = 1620;
				TargetAttributes = {
					373225012DEA9AA400062813 = {
						CreatedOnToolsVersion = 16.2;
					};
					373225122DEA9AA600062813 = {
						CreatedOnToolsVersion = 16.2;
						TestTargetID = 373225012DEA9AA400062813;
					};
					3732251C2DEA9AA600062813 = {
						CreatedOnToolsVersion = 16.2;
						TestTargetID = 373225012DEA9AA400062813;
					};
				};
			};
			buildConfigurationList = 373224FD2DEA9AA400062813 /* Build configuration list for PBXProject "CursorDisk" */;
			developmentRegion = en;
			hasScannedForEncodings = 0;
			knownRegions = (
				en,
				Base,
			);
			mainGroup = 373224F92DEA9AA400062813;
			minimizedProjectReferenceProxies = 1;
			preferredProjectObjectVersion = 77;
			productRefGroup = 373225032DEA9AA400062813 /* Products */;
			projectDirPath = "";
			projectRoot = "";
			targets = (
				373225012DEA9AA400062813 /* CursorDisk */,
				373225122DEA9AA600062813 /* CursorDiskTests */,
				3732251C2DEA9AA600062813 /* CursorDiskUITests */,
			);
		};
/* End PBXProject section */

/* Begin PBXResourcesBuildPhase section */
		373225002DEA9AA400062813 /* Resources */ = {
			isa = PBXResourcesBuildPhase;
			buildActionMask = 2147483647;
			files = (
			);
			runOnlyForDeploymentPostprocessing = 0;
		};
		373225112DEA9AA600062813 /* Resources */ = {
			isa = PBXResourcesBuildPhase;
			buildActionMask = 2147483647;
			files = (
			);
			runOnlyForDeploymentPostprocessing = 0;
		};
		3732251B2DEA9AA600062813 /* Resources */ = {
			isa = PBXResourcesBuildPhase;
			buildActionMask = 2147483647;
			files = (
			);
			runOnlyForDeploymentPostprocessing = 0;
		};
/* End PBXResourcesBuildPhase section */

/* Begin PBXSourcesBuildPhase section */
		373224FE2DEA9AA400062813 /* Sources */ = {
			isa = PBXSourcesBuildPhase;
			buildActionMask = 2147483647;
			files = (
			);
			runOnlyForDeploymentPostprocessing = 0;
		};
		3732250F2DEA9AA600062813 /* Sources */ = {
			isa = PBXSourcesBuildPhase;
			buildActionMask = 2147483647;
			files = (
			);
			runOnlyForDeploymentPostprocessing = 0;
		};
		373225192DEA9AA600062813 /* Sources */ = {
			isa = PBXSourcesBuildPhase;
			buildActionMask = 2147483647;
			files = (
			);
			runOnlyForDeploymentPostprocessing = 0;
		};
/* End PBXSourcesBuildPhase section */

/* Begin PBXTargetDependency section */
		373225152DEA9AA600062813 /* PBXTargetDependency */ = {
			isa = PBXTargetDependency;
			target = 373225012DEA9AA400062813 /* CursorDisk */;
			targetProxy = 373225142DEA9AA600062813 /* PBXContainerItemProxy */;
		};
		3732251F2DEA9AA600062813 /* PBXTargetDependency */ = {
			isa = PBXTargetDependency;
			target = 373225012DEA9AA400062813 /* CursorDisk */;
			targetProxy = 3732251E2DEA9AA600062813 /* PBXContainerItemProxy */;
		};
/* End PBXTargetDependency section */

/* Begin XCBuildConfiguration section */
		373225252DEA9AA600062813 /* Debug */ = {
			isa = XCBuildConfiguration;
			buildSettings = {
				ALWAYS_SEARCH_USER_PATHS = NO;
				ASSETCATALOG_COMPILER_GENERATE_SWIFT_ASSET_SYMBOL_EXTENSIONS = YES;
				CLANG_ANALYZER_NONNULL = YES;
				CLANG_ANALYZER_NUMBER_OBJECT_CONVERSION = YES_AGGRESSIVE;
				CLANG_CXX_LANGUAGE_STANDARD = "gnu++20";
				CLANG_ENABLE_MODULES = YES;
				CLANG_ENABLE_OBJC_ARC = YES;
				CLANG_ENABLE_OBJC_WEAK = YES;
				CLANG_WARN_BLOCK_CAPTURE_AUTORELEASING = YES;
				CLANG_WARN_BOOL_CONVERSION = YES;
				CLANG_WARN_COMMA = YES;
				CLANG_WARN_CONSTANT_CONVERSION = YES;
				CLANG_WARN_DEPRECATED_OBJC_IMPLEMENTATIONS = YES;
				CLANG_WARN_DIRECT_OBJC_ISA_USAGE = YES_ERROR;
				CLANG_WARN_DOCUMENTATION_COMMENTS = YES;
				CLANG_WARN_EMPTY_BODY = YES;
				CLANG_WARN_ENUM_CONVERSION = YES;
				CLANG_WARN_INFINITE_RECURSION = YES;
				CLANG_WARN_INT_CONVERSION = YES;
				CLANG_WARN_NON_LITERAL_NULL_CONVERSION = YES;
				CLANG_WARN_OBJC_IMPLICIT_RETAIN_SELF = YES;
				CLANG_WARN_OBJC_LITERAL_CONVERSION = YES;
				CLANG_WARN_OBJC_ROOT_CLASS = YES_ERROR;
				CLANG_WARN_QUOTED_INCLUDE_IN_FRAMEWORK_HEADER = YES;
				CLANG_WARN_RANGE_LOOP_ANALYSIS = YES;
				CLANG_WARN_STRICT_PROTOTYPES = YES;
				CLANG_WARN_SUSPICIOUS_MOVE = YES;
				CLANG_WARN_UNGUARDED_AVAILABILITY = YES_AGGRESSIVE;
				CLANG_WARN_UNREACHABLE_CODE = YES;
				CLANG_WARN__DUPLICATE_METHOD_MATCH = YES;
				COPY_PHASE_STRIP = NO;
				DEBUG_INFORMATION_FORMAT = dwarf;
				ENABLE_STRICT_OBJC_MSGSEND = YES;
				ENABLE_TESTABILITY = YES;
				ENABLE_USER_SCRIPT_SANDBOXING = YES;
				GCC_C_LANGUAGE_STANDARD = gnu17;
				GCC_DYNAMIC_NO_PIC = NO;
				GCC_NO_COMMON_BLOCKS = YES;
				GCC_OPTIMIZATION_LEVEL = 0;
				GCC_PREPROCESSOR_DEFINITIONS = (
					"DEBUG=1",
					"$(inherited)",
				);
				GCC_WARN_64_TO_32_BIT_CONVERSION = YES;
				GCC_WARN_ABOUT_RETURN_TYPE = YES_ERROR;
				GCC_WARN_UNDECLARED_SELECTOR = YES;
				GCC_WARN_UNINITIALIZED_AUTOS = YES_AGGRESSIVE;
				GCC_WARN_UNUSED_FUNCTION = YES;
				GCC_WARN_UNUSED_VARIABLE = YES;
				LOCALIZATION_PREFERS_STRING_CATALOGS = YES;
				MACOSX_DEPLOYMENT_TARGET = 15.2;
				MTL_ENABLE_DEBUG_INFO = INCLUDE_SOURCE;
				MTL_FAST_MATH = YES;
				ONLY_ACTIVE_ARCH = YES;
				SDKROOT = macosx;
				SWIFT_ACTIVE_COMPILATION_CONDITIONS = "DEBUG $(inherited)";
				SWIFT_OPTIMIZATION_LEVEL = "-Onone";
			};
			name = Debug;
		};
		373225262DEA9AA600062813 /* Release */ = {
			isa = XCBuildConfiguration;
			buildSettings = {
				ALWAYS_SEARCH_USER_PATHS = NO;
				ASSETCATALOG_COMPILER_GENERATE_SWIFT_ASSET_SYMBOL_EXTENSIONS = YES;
				CLANG_ANALYZER_NONNULL = YES;
				CLANG_ANALYZER_NUMBER_OBJECT_CONVERSION = YES_AGGRESSIVE;
				CLANG_CXX_LANGUAGE_STANDARD = "gnu++20";
				CLANG_ENABLE_MODULES = YES;
				CLANG_ENABLE_OBJC_ARC = YES;
				CLANG_ENABLE_OBJC_WEAK = YES;
				CLANG_WARN_BLOCK_CAPTURE_AUTORELEASING = YES;
				CLANG_WARN_BOOL_CONVERSION = YES;
				CLANG_WARN_COMMA = YES;
				CLANG_WARN_CONSTANT_CONVERSION = YES;
				CLANG_WARN_DEPRECATED_OBJC_IMPLEMENTATIONS = YES;
				CLANG_WARN_DIRECT_OBJC_ISA_USAGE = YES_ERROR;
				CLANG_WARN_DOCUMENTATION_COMMENTS = YES;
				CLANG_WARN_EMPTY_BODY = YES;
				CLANG_WARN_ENUM_CONVERSION = YES;
				CLANG_WARN_INFINITE_RECURSION = YES;
				CLANG_WARN_INT_CONVERSION = YES;
				CLANG_WARN_NON_LITERAL_NULL_CONVERSION = YES;
				CLANG_WARN_OBJC_IMPLICIT_RETAIN_SELF = YES;
				CLANG_WARN_OBJC_LITERAL_CONVERSION = YES;
				CLANG_WARN_OBJC_ROOT_CLASS = YES_ERROR;
				CLANG_WARN_QUOTED_INCLUDE_IN_FRAMEWORK_HEADER = YES;
				CLANG_WARN_RANGE_LOOP_ANALYSIS = YES;
				CLANG_WARN_STRICT_PROTOTYPES = YES;
				CLANG_WARN_SUSPICIOUS_MOVE = YES;
				CLANG_WARN_UNGUARDED_AVAILABILITY = YES_AGGRESSIVE;
				CLANG_WARN_UNREACHABLE_CODE = YES;
				CLANG_WARN__DUPLICATE_METHOD_MATCH = YES;
				COPY_PHASE_STRIP = NO;
				DEBUG_INFORMATION_FORMAT = "dwarf-with-dsym";
				ENABLE_NS_ASSERTIONS = NO;
				ENABLE_STRICT_OBJC_MSGSEND = YES;
				ENABLE_USER_SCRIPT_SANDBOXING = YES;
				GCC_C_LANGUAGE_STANDARD = gnu17;
				GCC_NO_COMMON_BLOCKS = YES;
				GCC_WARN_64_TO_32_BIT_CONVERSION = YES;
				GCC_WARN_ABOUT_RETURN_TYPE = YES_ERROR;
				GCC_WARN_UNDECLARED_SELECTOR = YES;
				GCC_WARN_UNINITIALIZED_AUTOS = YES_AGGRESSIVE;
				GCC_WARN_UNUSED_FUNCTION = YES;
				GCC_WARN_UNUSED_VARIABLE = YES;
				LOCALIZATION_PREFERS_STRING_CATALOGS = YES;
				MACOSX_DEPLOYMENT_TARGET = 15.2;
				MTL_ENABLE_DEBUG_INFO = NO;
				MTL_FAST_MATH = YES;
				SDKROOT = macosx;
				SWIFT_COMPILATION_MODE = wholemodule;
			};
			name = Release;
		};
		373225282DEA9AA600062813 /* Debug */ = {
			isa = XCBuildConfiguration;
			buildSettings = {
				ASSETCATALOG_COMPILER_APPICON_NAME = AppIcon;
				ASSETCATALOG_COMPILER_GLOBAL_ACCENT_COLOR_NAME = AccentColor;
				CODE_SIGN_ENTITLEMENTS = CursorDisk/CursorDisk.entitlements;
				CODE_SIGN_STYLE = Automatic;
				COMBINE_HIDPI_IMAGES = YES;
				CURRENT_PROJECT_VERSION = 1;
				DEVELOPMENT_ASSET_PATHS = "\"CursorDisk/Preview Content\"";
				DEVELOPMENT_TEAM = H7TFWDSPPL;
				ENABLE_HARDENED_RUNTIME = YES;
				ENABLE_PREVIEWS = YES;
				GENERATE_INFOPLIST_FILE = YES;
				INFOPLIST_KEY_NSHumanReadableCopyright = "";
				LD_RUNPATH_SEARCH_PATHS = (
					"$(inherited)",
					"@executable_path/../Frameworks",
				);
				MARKETING_VERSION = 1.0;
				PRODUCT_BUNDLE_IDENTIFIER = com.lahfir.CursorDisk;
				PRODUCT_NAME = "$(TARGET_NAME)";
				SWIFT_EMIT_LOC_STRINGS = YES;
				SWIFT_VERSION = 5.0;
			};
			name = Debug;
		};
		373225292DEA9AA600062813 /* Release */ = {
			isa = XCBuildConfiguration;
			buildSettings = {
				ASSETCATALOG_COMPILER_APPICON_NAME = AppIcon;
				ASSETCATALOG_COMPILER_GLOBAL_ACCENT_COLOR_NAME = AccentColor;
				CODE_SIGN_ENTITLEMENTS = CursorDisk/CursorDisk.entitlements;
				CODE_SIGN_STYLE = Automatic;
				COMBINE_HIDPI_IMAGES = YES;
				CURRENT_PROJECT_VERSION = 1;
				DEVELOPMENT_ASSET_PATHS = "\"CursorDisk/Preview Content\"";
				DEVELOPMENT_TEAM = H7TFWDSPPL;
				ENABLE_HARDENED_RUNTIME = YES;
				ENABLE_PREVIEWS = YES;
				GENERATE_INFOPLIST_FILE = YES;
				INFOPLIST_KEY_NSHumanReadableCopyright = "";
				LD_RUNPATH_SEARCH_PATHS = (
					"$(inherited)",
					"@executable_path/../Frameworks",
				);
				MARKETING_VERSION = 1.0;
				PRODUCT_BUNDLE_IDENTIFIER = com.lahfir.CursorDisk;
				PRODUCT_NAME = "$(TARGET_NAME)";
				SWIFT_EMIT_LOC_STRINGS = YES;
				SWIFT_VERSION = 5.0;
			};
			name = Release;
		};
		3732252B2DEA9AA600062813 /* Debug */ = {
			isa = XCBuildConfiguration;
			buildSettings = {
				BUNDLE_LOADER = "$(TEST_HOST)";
				CODE_SIGN_STYLE = Automatic;
				CURRENT_PROJECT_VERSION = 1;
				DEVELOPMENT_TEAM = H7TFWDSPPL;
				GENERATE_INFOPLIST_FILE = YES;
				MACOSX_DEPLOYMENT_TARGET = 15.2;
				MARKETING_VERSION = 1.0;
				PRODUCT_BUNDLE_IDENTIFIER = com.lahfir.CursorDiskTests;
				PRODUCT_NAME = "$(TARGET_NAME)";
				SWIFT_EMIT_LOC_STRINGS = NO;
				SWIFT_VERSION = 5.0;
				TEST_HOST = "$(BUILT_PRODUCTS_DIR)/CursorDisk.app/$(BUNDLE_EXECUTABLE_FOLDER_PATH)/CursorDisk";
			};
			name = Debug;
		};
		3732252C2DEA9AA600062813 /* Release */ = {
			isa = XCBuildConfiguration;
			buildSettings = {
				BUNDLE_LOADER = "$(TEST_HOST)";
				CODE_SIGN_STYLE = Automatic;
				CURRENT_PROJECT_VERSION = 1;
				DEVELOPMENT_TEAM = H7TFWDSPPL;
				GENERATE_INFOPLIST_FILE = YES;
				MACOSX_DEPLOYMENT_TARGET = 15.2;
				MARKETING_VERSION = 1.0;
				PRODUCT_BUNDLE_IDENTIFIER = com.lahfir.CursorDiskTests;
				PRODUCT_NAME = "$(TARGET_NAME)";
				SWIFT_EMIT_LOC_STRINGS = NO;
				SWIFT_VERSION = 5.0;
				TEST_HOST = "$(BUILT_PRODUCTS_DIR)/CursorDisk.app/$(BUNDLE_EXECUTABLE_FOLDER_PATH)/CursorDisk";
			};
			name = Release;
		};
		3732252E2DEA9AA600062813 /* Debug */ = {
			isa = XCBuildConfiguration;
			buildSettings = {
				CODE_SIGN_STYLE = Automatic;
				CURRENT_PROJECT_VERSION = 1;
				DEVELOPMENT_TEAM = H7TFWDSPPL;
				GENERATE_INFOPLIST_FILE = YES;
				MARKETING_VERSION = 1.0;
				PRODUCT_BUNDLE_IDENTIFIER = com.lahfir.CursorDiskUITests;
				PRODUCT_NAME = "$(TARGET_NAME)";
				SWIFT_EMIT_LOC_STRINGS = NO;
				SWIFT_VERSION = 5.0;
				TEST_TARGET_NAME = CursorDisk;
			};
			name = Debug;
		};
		3732252F2DEA9AA600062813 /* Release */ = {
			isa = XCBuildConfiguration;
			buildSettings = {
				CODE_SIGN_STYLE = Automatic;
				CURRENT_PROJECT_VERSION = 1;
				DEVELOPMENT_TEAM = H7TFWDSPPL;
				GENERATE_INFOPLIST_FILE = YES;
				MARKETING_VERSION = 1.0;
				PRODUCT_BUNDLE_IDENTIFIER = com.lahfir.CursorDiskUITests;
				PRODUCT_NAME = "$(TARGET_NAME)";
				SWIFT_EMIT_LOC_STRINGS = NO;
				SWIFT_VERSION = 5.0;
				TEST_TARGET_NAME = CursorDisk;
			};
			name = Release;
		};
/* End XCBuildConfiguration section */

/* Begin XCConfigurationList section */
		373224FD2DEA9AA400062813 /* Build configuration list for PBXProject "CursorDisk" */ = {
			isa = XCConfigurationList;
			buildConfigurations = (
				373225252DEA9AA600062813 /* Debug */,
				373225262DEA9AA600062813 /* Release */,
			);
			defaultConfigurationIsVisible = 0;
			defaultConfigurationName = Release;
		};
		373225272DEA9AA600062813 /* Build configuration list for PBXNativeTarget "CursorDisk" */ = {
			isa = XCConfigurationList;
			buildConfigurations = (
				373225282DEA9AA600062813 /* Debug */,
				373225292DEA9AA600062813 /* Release */,
			);
			defaultConfigurationIsVisible = 0;
			defaultConfigurationName = Release;
		};
		3732252A2DEA9AA600062813 /* Build configuration list for PBXNativeTarget "CursorDiskTests" */ = {
			isa = XCConfigurationList;
			buildConfigurations = (
				3732252B2DEA9AA600062813 /* Debug */,
				3732252C2DEA9AA600062813 /* Release */,
			);
			defaultConfigurationIsVisible = 0;
			defaultConfigurationName = Release;
		};
		3732252D2DEA9AA600062813 /* Build configuration list for PBXNativeTarget "CursorDiskUITests" */ = {
			isa = XCConfigurationList;
			buildConfigurations = (
				3732252E2DEA9AA600062813 /* Debug */,
				3732252F2DEA9AA600062813 /* Release */,
			);
			defaultConfigurationIsVisible = 0;
			defaultConfigurationName = Release;
		};
/* End XCConfigurationList section */
	};
	rootObject = 373224FA2DEA9AA400062813 /* Project object */;
}
